
Microsoft Visual Studio Solution File, Format Version 12.00
# Visual Studio 2012
Project("{FAE04EC0-301F-11D3-BF4B-00C04F79EFBC}") = "ProjectLogging", "ProjectLogging\ProjectLogging.csproj", "{66428FD7-80F0-42AA-B2A0-3CAF7156D622}"
EndProject
Global
	GlobalSection(SolutionConfigurationPlatforms) = preSolution
		Debug|Any CPU = Debug|Any CPU
		Release|Any CPU = Release|Any CPU
	EndGlobalSection
	GlobalSection(ProjectConfigurationPlatforms) = postSolution
		{66428FD7-80F0-42AA-B2A0-3CAF7156D622}.Debug|Any CPU.ActiveCfg = Debug|Any CPU
		{66428FD7-80F0-42AA-B2A0-3CAF7156D622}.Debug|Any CPU.Build.0 = Debug|Any CPU
		{66428FD7-80F0-42AA-B2A0-3CAF7156D622}.Release|Any CPU.ActiveCfg = Release|Any CPU
		{66428FD7-80F0-42AA-B2A0-3CAF7156D622}.Release|Any CPU.Build.0 = Release|Any CPU
	EndGlobalSection
	GlobalSection(SolutionProperties) = preSolution
		HideSolutionNode = FALSE
	EndGlobalSection
EndGlobal
